
Microsoft Visual Studio Solution File, Format Version 12.00
# Visual Studio Version 16
VisualStudioVersion = 16.0.31424.327
MinimumVisualStudioVersion = 10.0.40219.1
Project("{FAE04EC0-301F-11D3-BF4B-00C04F79EFBC}") = "Qorrect.Integration", "Qorrect.Integration\Qorrect.Integration.csproj", "{B881B41C-F638-4BBA-B695-AC56C5610ECB}"
EndProject
Global
	GlobalSection(SolutionConfigurationPlatforms) = preSolution
		Debug|Any CPU = Debug|Any CPU
		Release|Any CPU = Release|Any CPU
	EndGlobalSection
	GlobalSection(ProjectConfigurationPlatforms) = postSolution
		{B881B41C-F638-4BBA-B695-AC56C5610ECB}.Debug|Any CPU.ActiveCfg = Debug|Any CPU
		{B881B41C-F638-4BBA-B695-AC56C5610ECB}.Debug|Any CPU.Build.0 = Debug|Any CPU
		{B881B41C-F638-4BBA-B695-AC56C5610ECB}.Release|Any CPU.ActiveCfg = Release|Any CPU
		{B881B41C-F638-4BBA-B695-AC56C5610ECB}.Release|Any CPU.Build.0 = Release|Any CPU
	EndGlobalSection
	GlobalSection(SolutionProperties) = preSolution
		HideSolutionNode = FALSE
	EndGlobalSection
	GlobalSection(ExtensibilityGlobals) = postSolution
		SolutionGuid = {60850C52-4BBA-4C9C-BC0A-D820E1214EF5}
	EndGlobalSection
EndGlobal
